
Microsoft Visual Studio Solution File, Format Version 12.00
# Visual Studio 15
VisualStudioVersion = 15.0.28010.2036
MinimumVisualStudioVersion = 10.0.40219.1
Project("{FAE04EC0-301F-11D3-BF4B-00C04F79EFBC}") = "GraphQL.Linq.Sample", "GraphQL.Linq.Sample\GraphQL.Linq.Sample.csproj", "{CE8F33D6-91EE-4328-9ECF-58608A0883E8}"
EndProject
Project("{FAE04EC0-301F-11D3-BF4B-00C04F79EFBC}") = "GraphQL.Linq.CodeGenerator.Build", "GraphQL.Linq.CodeGenerator.Build\GraphQL.Linq.CodeGenerator.Build.csproj", "{B348A4E0-3041-41BD-BE92-33387F656965}"
EndProject
Global
	GlobalSection(SolutionConfigurationPlatforms) = preSolution
		Debug|Any CPU = Debug|Any CPU
		Release|Any CPU = Release|Any CPU
	EndGlobalSection
	GlobalSection(ProjectConfigurationPlatforms) = postSolution
		{CE8F33D6-91EE-4328-9ECF-58608A0883E8}.Debug|Any CPU.ActiveCfg = Debug|Any CPU
		{CE8F33D6-91EE-4328-9ECF-58608A0883E8}.Debug|Any CPU.Build.0 = Debug|Any CPU
		{CE8F33D6-91EE-4328-9ECF-58608A0883E8}.Release|Any CPU.ActiveCfg = Release|Any CPU
		{CE8F33D6-91EE-4328-9ECF-58608A0883E8}.Release|Any CPU.Build.0 = Release|Any CPU
		{B348A4E0-3041-41BD-BE92-33387F656965}.Debug|Any CPU.ActiveCfg = Debug|Any CPU
		{B348A4E0-3041-41BD-BE92-33387F656965}.Debug|Any CPU.Build.0 = Debug|Any CPU
		{B348A4E0-3041-41BD-BE92-33387F656965}.Release|Any CPU.ActiveCfg = Release|Any CPU
		{B348A4E0-3041-41BD-BE92-33387F656965}.Release|Any CPU.Build.0 = Release|Any CPU
	EndGlobalSection
	GlobalSection(SolutionProperties) = preSolution
		HideSolutionNode = FALSE
	EndGlobalSection
	GlobalSection(ExtensibilityGlobals) = postSolution
		SolutionGuid = {8FBB7061-03EF-4416-A524-03B9E7349403}
	EndGlobalSection
EndGlobal
